
Microsoft Visual Studio Solution File, Format Version 11.00
# Visual Studio 2010
Project("{FAE04EC0-301F-11D3-BF4B-00C04F79EFBC}") = "Assembly-CSharp", "Assembly-CSharp.csproj", "{C1771721-058A-8798-314F-218529D262FD}"
EndProject
Global
	GlobalSection(SolutionConfigurationPlatforms) = preSolution
		Debug|Any CPU = Debug|Any CPU
		Release|Any CPU = Release|Any CPU
	EndGlobalSection
	GlobalSection(ProjectConfigurationPlatforms) = postSolution
		{C1771721-058A-8798-314F-218529D262FD}.Debug|Any CPU.ActiveCfg = Debug|Any CPU
		{C1771721-058A-8798-314F-218529D262FD}.Debug|Any CPU.Build.0 = Debug|Any CPU
		{C1771721-058A-8798-314F-218529D262FD}.Release|Any CPU.ActiveCfg = Release|Any CPU
		{C1771721-058A-8798-314F-218529D262FD}.Release|Any CPU.Build.0 = Release|Any CPU
	EndGlobalSection
	GlobalSection(SolutionProperties) = preSolution
		HideSolutionNode = FALSE
	EndGlobalSection
	GlobalSection(MonoDevelopProperties) = preSolution
		StartupItem = Assembly-CSharp.csproj
	EndGlobalSection
EndGlobal
